// !$*UTF8*$!
{
	archiveVersion = 1;
	classes = {
	};
	objectVersion = 55;
	objects = {

/* Begin PBXBuildFile section */
		491114E7286EF474002AB556 /* CameraManager.swift in Sources */ = {isa = PBXBuildFile; fileRef = 491114E6286EF474002AB556 /* CameraManager.swift */; };
		491D15B12865EF9400786AF8 /* handmaniaApp.swift in Sources */ = {isa = PBXBuildFile; fileRef = 491D15B02865EF9400786AF8 /* handmaniaApp.swift */; };
		491D15B32865EF9400786AF8 /* ContentView.swift in Sources */ = {isa = PBXBuildFile; fileRef = 491D15B22865EF9400786AF8 /* ContentView.swift */; };
		491D15B52865EF9500786AF8 /* Assets.xcassets in Resources */ = {isa = PBXBuildFile; fileRef = 491D15B42865EF9500786AF8 /* Assets.xcassets */; };
		491D15B82865EF9500786AF8 /* Preview Assets.xcassets in Resources */ = {isa = PBXBuildFile; fileRef = 491D15B72865EF9500786AF8 /* Preview Assets.xcassets */; };
		491D4728286F078100565982 /* Model.swift in Sources */ = {isa = PBXBuildFile; fileRef = 491D4727286F078000565982 /* Model.swift */; };
		491D472B286F09DD00565982 /* AVCaptureVideoPreviewLayerAdapter.swift in Sources */ = {isa = PBXBuildFile; fileRef = 491D472A286F09DD00565982 /* AVCaptureVideoPreviewLayerAdapter.swift */; };
		4961FEC028BE5482008A6502 /* Directions.swift in Sources */ = {isa = PBXBuildFile; fileRef = 4961FEBF28BE5482008A6502 /* Directions.swift */; };
/* End PBXBuildFile section */

/* Begin PBXFileReference section */
		491114E6286EF474002AB556 /* CameraManager.swift */ = {isa = PBXFileReference; lastKnownFileType = sourcecode.swift; path = CameraManager.swift; sourceTree = "<group>"; };
		491D15AD2865EF9400786AF8 /* handmania.app */ = {isa = PBXFileReference; explicitFileType = wrapper.application; includeInIndex = 0; path = handmania.app; sourceTree = BUILT_PRODUCTS_DIR; };
		491D15B02865EF9400786AF8 /* handmaniaApp.swift */ = {isa = PBXFileReference; lastKnownFileType = sourcecode.swift; path = handmaniaApp.swift; sourceTree = "<group>"; };
		491D15B22865EF9400786AF8 /* ContentView.swift */ = {isa = PBXFileReference; lastKnownFileType = sourcecode.swift; path = ContentView.swift; sourceTree = "<group>"; };
		491D15B42865EF9500786AF8 /* Assets.xcassets */ = {isa = PBXFileReference; lastKnownFileType = folder.assetcatalog; path = Assets.xcassets; sourceTree = "<group>"; };
		491D15B72865EF9500786AF8 /* Preview Assets.xcassets */ = {isa = PBXFileReference; lastKnownFileType = folder.assetcatalog; path = "Preview Assets.xcassets"; sourceTree = "<group>"; };
		491D4727286F078000565982 /* Model.swift */ = {isa = PBXFileReference; fileEncoding = 4; lastKnownFileType = sourcecode.swift; path = Model.swift; sourceTree = "<group>"; };
		491D472A286F09DD00565982 /* AVCaptureVideoPreviewLayerAdapter.swift */ = {isa = PBXFileReference; lastKnownFileType = sourcecode.swift; path = AVCaptureVideoPreviewLayerAdapter.swift; sourceTree = "<group>"; };
		4961FEBF28BE5482008A6502 /* Directions.swift */ = {isa = PBXFileReference; lastKnownFileType = sourcecode.swift; path = Directions.swift; sourceTree = "<group>"; };
/* End PBXFileReference section */

/* Begin PBXFrameworksBuildPhase section */
		491D15AA2865EF9400786AF8 /* Frameworks */ = {
			isa = PBXFrameworksBuildPhase;
			buildActionMask = 2147483647;
			files = (
			);
			runOnlyForDeploymentPostprocessing = 0;
		};
/* End PBXFrameworksBuildPhase section */

/* Begin PBXGroup section */
		491D15A42865EF9400786AF8 = {
			isa = PBXGroup;
			children = (
				491D15AF2865EF9400786AF8 /* handmania */,
				491D15AE2865EF9400786AF8 /* Products */,
			);
			sourceTree = "<group>";
		};
		491D15AE2865EF9400786AF8 /* Products */ = {
			isa = PBXGroup;
			children = (
				491D15AD2865EF9400786AF8 /* handmania.app */,
			);
			name = Products;
			sourceTree = "<group>";
		};
		491D15AF2865EF9400786AF8 /* handmania */ = {
			isa = PBXGroup;
			children = (
				491D4729286F09AB00565982 /* Adapters */,
				491D4727286F078000565982 /* Model.swift */,
				491D15B02865EF9400786AF8 /* handmaniaApp.swift */,
				491D15B22865EF9400786AF8 /* ContentView.swift */,
				491D15B42865EF9500786AF8 /* Assets.xcassets */,
				491D15B62865EF9500786AF8 /* Preview Content */,
				491114E6286EF474002AB556 /* CameraManager.swift */,
				4961FEBF28BE5482008A6502 /* Directions.swift */,
			);
			path = handmania;
			sourceTree = "<group>";
		};
		491D15B62865EF9500786AF8 /* Preview Content */ = {
			isa = PBXGroup;
			children = (
				491D15B72865EF9500786AF8 /* Preview Assets.xcassets */,
			);
			path = "Preview Content";
			sourceTree = "<group>";
		};
		491D4729286F09AB00565982 /* Adapters */ = {
			isa = PBXGroup;
			children = (
				491D472A286F09DD00565982 /* AVCaptureVideoPreviewLayerAdapter.swift */,
			);
			path = Adapters;
			sourceTree = "<group>";
		};
/* End PBXGroup section */

/* Begin PBXNativeTarget section */
		491D15AC2865EF9400786AF8 /* handmania */ = {
			isa = PBXNativeTarget;
			buildConfigurationList = 491D15D12865EF9600786AF8 /* Build configuration list for PBXNativeTarget "handmania" */;
			buildPhases = (
				491D15A92865EF9400786AF8 /* Sources */,
				491D15AA2865EF9400786AF8 /* Frameworks */,
				491D15AB2865EF9400786AF8 /* Resources */,
			);
			buildRules = (
			);
			dependencies = (
			);
			name = handmania;
			productName = handmania;
			productReference = 491D15AD2865EF9400786AF8 /* handmania.app */;
			productType = "com.apple.product-type.application";
		};
/* End PBXNativeTarget section */

/* Begin PBXProject section */
		491D15A52865EF9400786AF8 /* Project object */ = {
			isa = PBXProject;
			attributes = {
				BuildIndependentTargetsInParallel = 1;
				LastSwiftUpdateCheck = 1340;
				LastUpgradeCheck = 1340;
				TargetAttributes = {
					491D15AC2865EF9400786AF8 = {
						CreatedOnToolsVersion = 13.4.1;
					};
				};
			};
			buildConfigurationList = 491D15A82865EF9400786AF8 /* Build configuration list for PBXProject "handmania" */;
			compatibilityVersion = "Xcode 13.0";
			developmentRegion = en;
			hasScannedForEncodings = 0;
			knownRegions = (
				en,
				Base,
			);
			mainGroup = 491D15A42865EF9400786AF8;
			productRefGroup = 491D15AE2865EF9400786AF8 /* Products */;
			projectDirPath = "";
			projectRoot = "";
			targets = (
				491D15AC2865EF9400786AF8 /* handmania */,
			);
		};
/* End PBXProject section */

/* Begin PBXResourcesBuildPhase section */
		491D15AB2865EF9400786AF8 /* Resources */ = {
			isa = PBXResourcesBuildPhase;
			buildActionMask = 2147483647;
			files = (
				491D15B82865EF9500786AF8 /* Preview Assets.xcassets in Resources */,
				491D15B52865EF9500786AF8 /* Assets.xcassets in Resources */,
			);
			runOnlyForDeploymentPostprocessing = 0;
		};
/* End PBXResourcesBuildPhase section */

/* Begin PBXSourcesBuildPhase section */
		491D15A92865EF9400786AF8 /* Sources */ = {
			isa = PBXSourcesBuildPhase;
			buildActionMask = 2147483647;
			files = (
				491D472B286F09DD00565982 /* AVCaptureVideoPreviewLayerAdapter.swift in Sources */,
				4961FEC028BE5482008A6502 /* Directions.swift in Sources */,
				491D15B32865EF9400786AF8 /* ContentView.swift in Sources */,
				491D15B12865EF9400786AF8 /* handmaniaApp.swift in Sources */,
				491114E7286EF474002AB556 /* CameraManager.swift in Sources */,
				491D4728286F078100565982 /* Model.swift in Sources */,
			);
			runOnlyForDeploymentPostprocessing = 0;
		};
/* End PBXSourcesBuildPhase section */

/* Begin XCBuildConfiguration section */
		491D15CF2865EF9600786AF8 /* Debug */ = {
			isa = XCBuildConfiguration;
			buildSettings = {
				ALWAYS_SEARCH_USER_PATHS = NO;
				CLANG_ANALYZER_NONNULL = YES;
				CLANG_ANALYZER_NUMBER_OBJECT_CONVERSION = YES_AGGRESSIVE;
				CLANG_CXX_LANGUAGE_STANDARD = "gnu++17";
				CLANG_ENABLE_MODULES = YES;
				CLANG_ENABLE_OBJC_ARC = YES;
				CLANG_ENABLE_OBJC_WEAK = YES;
				CLANG_WARN_BLOCK_CAPTURE_AUTORELEASING = YES;
				CLANG_WARN_BOOL_CONVERSION = YES;
				CLANG_WARN_COMMA = YES;
				CLANG_WARN_CONSTANT_CONVERSION = YES;
				CLANG_WARN_DEPRECATED_OBJC_IMPLEMENTATIONS = YES;
				CLANG_WARN_DIRECT_OBJC_ISA_USAGE = YES_ERROR;
				CLANG_WARN_DOCUMENTATION_COMMENTS = YES;
				CLANG_WARN_EMPTY_BODY = YES;
				CLANG_WARN_ENUM_CONVERSION = YES;
				CLANG_WARN_INFINITE_RECURSION = YES;
				CLANG_WARN_INT_CONVERSION = YES;
				CLANG_WARN_NON_LITERAL_NULL_CONVERSION = YES;
				CLANG_WARN_OBJC_IMPLICIT_RETAIN_SELF = YES;
				CLANG_WARN_OBJC_LITERAL_CONVERSION = YES;
				CLANG_WARN_OBJC_ROOT_CLASS = YES_ERROR;
				CLANG_WARN_QUOTED_INCLUDE_IN_FRAMEWORK_HEADER = YES;
				CLANG_WARN_RANGE_LOOP_ANALYSIS = YES;
				CLANG_WARN_STRICT_PROTOTYPES = YES;
				CLANG_WARN_SUSPICIOUS_MOVE = YES;
				CLANG_WARN_UNGUARDED_AVAILABILITY = YES_AGGRESSIVE;
				CLANG_WARN_UNREACHABLE_CODE = YES;
				CLANG_WARN__DUPLICATE_METHOD_MATCH = YES;
				COPY_PHASE_STRIP = NO;
				DEBUG_INFORMATION_FORMAT = dwarf;
				ENABLE_STRICT_OBJC_MSGSEND = YES;
				ENABLE_TESTABILITY = YES;
				GCC_C_LANGUAGE_STANDARD = gnu11;
				GCC_DYNAMIC_NO_PIC = NO;
				GCC_NO_COMMON_BLOCKS = YES;
				GCC_OPTIMIZATION_LEVEL = 0;
				GCC_PREPROCESSOR_DEFINITIONS = (
					"DEBUG=1",
					"$(inherited)",
				);
				GCC_WARN_64_TO_32_BIT_CONVERSION = YES;
				GCC_WARN_ABOUT_RETURN_TYPE = YES_ERROR;
				GCC_WARN_UNDECLARED_SELECTOR = YES;
				GCC_WARN_UNINITIALIZED_AUTOS = YES_AGGRESSIVE;
				GCC_WARN_UNUSED_FUNCTION = YES;
				GCC_WARN_UNUSED_VARIABLE = YES;
				IPHONEOS_DEPLOYMENT_TARGET = 15.5;
				MTL_ENABLE_DEBUG_INFO = INCLUDE_SOURCE;
				MTL_FAST_MATH = YES;
				ONLY_ACTIVE_ARCH = YES;
				SDKROOT = iphoneos;
				SWIFT_ACTIVE_COMPILATION_CONDITIONS = DEBUG;
				SWIFT_OPTIMIZATION_LEVEL = "-Onone";
			};
			name = Debug;
		};
		491D15D02865EF9600786AF8 /* Release */ = {
			isa = XCBuildConfiguration;
			buildSettings = {
				ALWAYS_SEARCH_USER_PATHS = NO;
				CLANG_ANALYZER_NONNULL = YES;
				CLANG_ANALYZER_NUMBER_OBJECT_CONVERSION = YES_AGGRESSIVE;
				CLANG_CXX_LANGUAGE_STANDARD = "gnu++17";
				CLANG_ENABLE_MODULES = YES;
				CLANG_ENABLE_OBJC_ARC = YES;
				CLANG_ENABLE_OBJC_WEAK = YES;
				CLANG_WARN_BLOCK_CAPTURE_AUTORELEASING = YES;
				CLANG_WARN_BOOL_CONVERSION = YES;
				CLANG_WARN_COMMA = YES;
				CLANG_WARN_CONSTANT_CONVERSION = YES;
				CLANG_WARN_DEPRECATED_OBJC_IMPLEMENTATIONS = YES;
				CLANG_WARN_DIRECT_OBJC_ISA_USAGE = YES_ERROR;
				CLANG_WARN_DOCUMENTATION_COMMENTS = YES;
				CLANG_WARN_EMPTY_BODY = YES;
				CLANG_WARN_ENUM_CONVERSION = YES;
				CLANG_WARN_INFINITE_RECURSION = YES;
				CLANG_WARN_INT_CONVERSION = YES;
				CLANG_WARN_NON_LITERAL_NULL_CONVERSION = YES;
				CLANG_WARN_OBJC_IMPLICIT_RETAIN_SELF = YES;
				CLANG_WARN_OBJC_LITERAL_CONVERSION = YES;
				CLANG_WARN_OBJC_ROOT_CLASS = YES_ERROR;
				CLANG_WARN_QUOTED_INCLUDE_IN_FRAMEWORK_HEADER = YES;
				CLANG_WARN_RANGE_LOOP_ANALYSIS = YES;
				CLANG_WARN_STRICT_PROTOTYPES = YES;
				CLANG_WARN_SUSPICIOUS_MOVE = YES;
				CLANG_WARN_UNGUARDED_AVAILABILITY = YES_AGGRESSIVE;
				CLANG_WARN_UNREACHABLE_CODE = YES;
				CLANG_WARN__DUPLICATE_METHOD_MATCH = YES;
				COPY_PHASE_STRIP = NO;
				DEBUG_INFORMATION_FORMAT = "dwarf-with-dsym";
				ENABLE_NS_ASSERTIONS = NO;
				ENABLE_STRICT_OBJC_MSGSEND = YES;
				GCC_C_LANGUAGE_STANDARD = gnu11;
				GCC_NO_COMMON_BLOCKS = YES;
				GCC_WARN_64_TO_32_BIT_CONVERSION = YES;
				GCC_WARN_ABOUT_RETURN_TYPE = YES_ERROR;
				GCC_WARN_UNDECLARED_SELECTOR = YES;
				GCC_WARN_UNINITIALIZED_AUTOS = YES_AGGRESSIVE;
				GCC_WARN_UNUSED_FUNCTION = YES;
				GCC_WARN_UNUSED_VARIABLE = YES;
				IPHONEOS_DEPLOYMENT_TARGET = 15.5;
				MTL_ENABLE_DEBUG_INFO = NO;
				MTL_FAST_MATH = YES;
				SDKROOT = iphoneos;
				SWIFT_COMPILATION_MODE = wholemodule;
				SWIFT_OPTIMIZATION_LEVEL = "-O";
				VALIDATE_PRODUCT = YES;
			};
			name = Release;
		};
		491D15D22865EF9600786AF8 /* Debug */ = {
			isa = XCBuildConfiguration;
			buildSettings = {
				ASSETCATALOG_COMPILER_APPICON_NAME = AppIcon;
				ASSETCATALOG_COMPILER_GLOBAL_ACCENT_COLOR_NAME = AccentColor;
				CODE_SIGN_STYLE = Automatic;
				CURRENT_PROJECT_VERSION = 1;
				DEVELOPMENT_ASSET_PATHS = "\"handmania/Preview Content\"";
				DEVELOPMENT_TEAM = NTBQKVM33T;
				ENABLE_PREVIEWS = YES;
				GENERATE_INFOPLIST_FILE = YES;
				INFOPLIST_KEY_NSCameraUsageDescription = "$(PRODUCT_NAME) detect user face and hand position";
				INFOPLIST_KEY_UIApplicationSceneManifest_Generation = YES;
				INFOPLIST_KEY_UIApplicationSupportsIndirectInputEvents = YES;
				INFOPLIST_KEY_UILaunchScreen_Generation = YES;
				INFOPLIST_KEY_UISupportedInterfaceOrientations_iPad = "UIInterfaceOrientationPortrait UIInterfaceOrientationPortraitUpsideDown UIInterfaceOrientationLandscapeLeft UIInterfaceOrientationLandscapeRight";
				INFOPLIST_KEY_UISupportedInterfaceOrientations_iPhone = "UIInterfaceOrientationPortrait UIInterfaceOrientationLandscapeLeft UIInterfaceOrientationLandscapeRight";
				IPHONEOS_DEPLOYMENT_TARGET = 15.0;
				LD_RUNPATH_SEARCH_PATHS = (
					"$(inherited)",
					"@executable_path/Frameworks",
				);
				MARKETING_VERSION = 1.0;
				PRODUCT_BUNDLE_IDENTIFIER = it.unimi.di.ewlab.handmania;
				PRODUCT_NAME = "$(TARGET_NAME)";
				SWIFT_EMIT_LOC_STRINGS = YES;
				SWIFT_VERSION = 5.0;
				TARGETED_DEVICE_FAMILY = "1,2";
			};
			name = Debug;
		};
		491D15D32865EF9600786AF8 /* Release */ = {
			isa = XCBuildConfiguration;
			buildSettings = {
				ASSETCATALOG_COMPILER_APPICON_NAME = AppIcon;
				ASSETCATALOG_COMPILER_GLOBAL_ACCENT_COLOR_NAME = AccentColor;
				CODE_SIGN_STYLE = Automatic;
				CURRENT_PROJECT_VERSION = 1;
				DEVELOPMENT_ASSET_PATHS = "\"handmania/Preview Content\"";
				DEVELOPMENT_TEAM = NTBQKVM33T;
				ENABLE_PREVIEWS = YES;
				GENERATE_INFOPLIST_FILE = YES;
				INFOPLIST_KEY_NSCameraUsageDescription = "$(PRODUCT_NAME) detect user face and hand position";
				INFOPLIST_KEY_UIApplicationSceneManifest_Generation = YES;
				INFOPLIST_KEY_UIApplicationSupportsIndirectInputEvents = YES;
				INFOPLIST_KEY_UILaunchScreen_Generation = YES;
				INFOPLIST_KEY_UISupportedInterfaceOrientations_iPad = "UIInterfaceOrientationPortrait UIInterfaceOrientationPortraitUpsideDown UIInterfaceOrientationLandscapeLeft UIInterfaceOrientationLandscapeRight";
				INFOPLIST_KEY_UISupportedInterfaceOrientations_iPhone = "UIInterfaceOrientationPortrait UIInterfaceOrientationLandscapeLeft UIInterfaceOrientationLandscapeRight";
				IPHONEOS_DEPLOYMENT_TARGET = 15.0;
				LD_RUNPATH_SEARCH_PATHS = (
					"$(inherited)",
					"@executable_path/Frameworks",
				);
				MARKETING_VERSION = 1.0;
				PRODUCT_BUNDLE_IDENTIFIER = it.unimi.di.ewlab.handmania;
				PRODUCT_NAME = "$(TARGET_NAME)";
				SWIFT_EMIT_LOC_STRINGS = YES;
				SWIFT_VERSION = 5.0;
				TARGETED_DEVICE_FAMILY = "1,2";
			};
			name = Release;
		};
/* End XCBuildConfiguration section */

/* Begin XCConfigurationList section */
		491D15A82865EF9400786AF8 /* Build configuration list for PBXProject "handmania" */ = {
			isa = XCConfigurationList;
			buildConfigurations = (
				491D15CF2865EF9600786AF8 /* Debug */,
				491D15D02865EF9600786AF8 /* Release */,
			);
			defaultConfigurationIsVisible = 0;
			defaultConfigurationName = Release;
		};
		491D15D12865EF9600786AF8 /* Build configuration list for PBXNativeTarget "handmania" */ = {
			isa = XCConfigurationList;
			buildConfigurations = (
				491D15D22865EF9600786AF8 /* Debug */,
				491D15D32865EF9600786AF8 /* Release */,
			);
			defaultConfigurationIsVisible = 0;
			defaultConfigurationName = Release;
		};
/* End XCConfigurationList section */
	};
	rootObject = 491D15A52865EF9400786AF8 /* Project object */;
}
