// !$*UTF8*$!
{
	archiveVersion = 1;
	classes = {
	};
	objectVersion = 55;
	objects = {

/* Begin PBXBuildFile section */
		4904653C29BF498700BD9C1C /* Note.swift in Sources */ = {isa = PBXBuildFile; fileRef = 4904653B29BF498700BD9C1C /* Note.swift */; };
		491A324F29D328E5003F22E5 /* NumberParser.swift in Sources */ = {isa = PBXBuildFile; fileRef = 491A324E29D328E5003F22E5 /* NumberParser.swift */; };
		491D15B12865EF9400786AF8 /* handmaniaApp.swift in Sources */ = {isa = PBXBuildFile; fileRef = 491D15B02865EF9400786AF8 /* handmaniaApp.swift */; };
		491D15B32865EF9400786AF8 /* ContentView.swift in Sources */ = {isa = PBXBuildFile; fileRef = 491D15B22865EF9400786AF8 /* ContentView.swift */; };
		491D15B52865EF9500786AF8 /* Assets.xcassets in Resources */ = {isa = PBXBuildFile; fileRef = 491D15B42865EF9500786AF8 /* Assets.xcassets */; };
		491D15B82865EF9500786AF8 /* Preview Assets.xcassets in Resources */ = {isa = PBXBuildFile; fileRef = 491D15B72865EF9500786AF8 /* Preview Assets.xcassets */; };
		491D472B286F09DD00565982 /* AVCaptureVideoPreviewLayerAdapter.swift in Sources */ = {isa = PBXBuildFile; fileRef = 491D472A286F09DD00565982 /* AVCaptureVideoPreviewLayerAdapter.swift */; };
		4921845729D494EA00BA2A89 /* FinalScoreView.swift in Sources */ = {isa = PBXBuildFile; fileRef = 4921845629D494EA00BA2A89 /* FinalScoreView.swift */; };
		4921845929D4A0BC00BA2A89 /* MainView.swift in Sources */ = {isa = PBXBuildFile; fileRef = 4921845829D4A0BC00BA2A89 /* MainView.swift */; };
		492CE3FE29B8C0DA00A34966 /* NoteView.swift in Sources */ = {isa = PBXBuildFile; fileRef = 492CE3FD29B8C0DA00A34966 /* NoteView.swift */; };
		493AB6F0293F48080031D47D /* SongsView.swift in Sources */ = {isa = PBXBuildFile; fileRef = 493AB6EF293F48080031D47D /* SongsView.swift */; };
		4947420629D70D1A001E8B95 /* TutorialEntryView.swift in Sources */ = {isa = PBXBuildFile; fileRef = 4947420529D70D1A001E8B95 /* TutorialEntryView.swift */; };
		4947420829D726A3001E8B95 /* SongChartView.swift in Sources */ = {isa = PBXBuildFile; fileRef = 4947420729D726A3001E8B95 /* SongChartView.swift */; };
		494F07F029D5784B00F6F949 /* GameStatus.swift in Sources */ = {isa = PBXBuildFile; fileRef = 494F07EF29D5784B00F6F949 /* GameStatus.swift */; };
		494F07F229D5DA0500F6F949 /* ChartEntry.swift in Sources */ = {isa = PBXBuildFile; fileRef = 494F07F129D5DA0500F6F949 /* ChartEntry.swift */; };
		494F07F429D5E14000F6F949 /* PermissionDeniedView.swift in Sources */ = {isa = PBXBuildFile; fileRef = 494F07F329D5E14000F6F949 /* PermissionDeniedView.swift */; };
		494F07F729D5E8C700F6F949 /* NewChartEntry.swift in Sources */ = {isa = PBXBuildFile; fileRef = 494F07F629D5E8C700F6F949 /* NewChartEntry.swift */; };
		495A8751293F73FE004C6C8F /* ScreenBounds.swift in Sources */ = {isa = PBXBuildFile; fileRef = 495A8742293F73FE004C6C8F /* ScreenBounds.swift */; };
		495A8752293F73FE004C6C8F /* DirectionBox.swift in Sources */ = {isa = PBXBuildFile; fileRef = 495A8743293F73FE004C6C8F /* DirectionBox.swift */; };
		495A8753293F73FE004C6C8F /* ServerError.swift in Sources */ = {isa = PBXBuildFile; fileRef = 495A8745293F73FE004C6C8F /* ServerError.swift */; };
		495A8754293F73FE004C6C8F /* Notes.swift in Sources */ = {isa = PBXBuildFile; fileRef = 495A8747293F73FE004C6C8F /* Notes.swift */; };
		495A8755293F73FE004C6C8F /* Song.swift in Sources */ = {isa = PBXBuildFile; fileRef = 495A8748293F73FE004C6C8F /* Song.swift */; };
		495A8756293F73FE004C6C8F /* Audio.swift in Sources */ = {isa = PBXBuildFile; fileRef = 495A8749293F73FE004C6C8F /* Audio.swift */; };
		495A8757293F73FE004C6C8F /* HandDirectionsManager.swift in Sources */ = {isa = PBXBuildFile; fileRef = 495A874A293F73FE004C6C8F /* HandDirectionsManager.swift */; };
		495A8759293F73FE004C6C8F /* CameraManager.swift in Sources */ = {isa = PBXBuildFile; fileRef = 495A874C293F73FE004C6C8F /* CameraManager.swift */; };
		495A875A293F73FE004C6C8F /* ServerManager.swift in Sources */ = {isa = PBXBuildFile; fileRef = 495A874D293F73FE004C6C8F /* ServerManager.swift */; };
		495A875B293F73FE004C6C8F /* HandDirection.swift in Sources */ = {isa = PBXBuildFile; fileRef = 495A874F293F73FE004C6C8F /* HandDirection.swift */; };
		495A875C293F73FE004C6C8F /* Direction.swift in Sources */ = {isa = PBXBuildFile; fileRef = 495A8750293F73FE004C6C8F /* Direction.swift */; };
		4974D74A2936444E00ADFA7B /* Model.swift in Sources */ = {isa = PBXBuildFile; fileRef = 4974D7492936444E00ADFA7B /* Model.swift */; };
		4974D74F29365A2600ADFA7B /* SongView.swift in Sources */ = {isa = PBXBuildFile; fileRef = 4974D74E29365A2600ADFA7B /* SongView.swift */; };
		49A4D30029CDB8BF003BF88D /* CountDownView.swift in Sources */ = {isa = PBXBuildFile; fileRef = 49A4D2FF29CDB8BF003BF88D /* CountDownView.swift */; };
		49A53BF429081DE500BF723B /* VideoView.swift in Sources */ = {isa = PBXBuildFile; fileRef = 49A53BF329081DE500BF723B /* VideoView.swift */; };
		49A80B7029AF8994001FCAD4 /* Thumbnail.swift in Sources */ = {isa = PBXBuildFile; fileRef = 49A80B6F29AF8994001FCAD4 /* Thumbnail.swift */; };
		49B408CF29B9D3D400C51D98 /* NoteParser.swift in Sources */ = {isa = PBXBuildFile; fileRef = 49B408CE29B9D3D400C51D98 /* NoteParser.swift */; };
		49BC3CF029D6EB2600256FEC /* TutorialView.swift in Sources */ = {isa = PBXBuildFile; fileRef = 49BC3CEF29D6EB2600256FEC /* TutorialView.swift */; };
		49BE294E29CB214A00E17546 /* PointsView.swift in Sources */ = {isa = PBXBuildFile; fileRef = 49BE294D29CB214A00E17546 /* PointsView.swift */; };
		49C472FB293FDBD700BAD3E0 /* PlayView.swift in Sources */ = {isa = PBXBuildFile; fileRef = 49C472FA293FDBD700BAD3E0 /* PlayView.swift */; };
		49C472FD293FE4B000BAD3E0 /* Logger.swift in Sources */ = {isa = PBXBuildFile; fileRef = 49C472FC293FE4B000BAD3E0 /* Logger.swift */; };
		49CFB26829ACA832008D2709 /* NotesView.swift in Sources */ = {isa = PBXBuildFile; fileRef = 49CFB26729ACA832008D2709 /* NotesView.swift */; };
		49D2BE4E29D8959B002EE416 /* AlertStatus.swift in Sources */ = {isa = PBXBuildFile; fileRef = 49D2BE4D29D8959B002EE416 /* AlertStatus.swift */; };
		49FA9A3929C0B2F000B36225 /* OffNotesView.swift in Sources */ = {isa = PBXBuildFile; fileRef = 49FA9A3829C0B2F000B36225 /* OffNotesView.swift */; };
/* End PBXBuildFile section */

/* Begin PBXFileReference section */
		4904653B29BF498700BD9C1C /* Note.swift */ = {isa = PBXFileReference; lastKnownFileType = sourcecode.swift; path = Note.swift; sourceTree = "<group>"; };
		491A324E29D328E5003F22E5 /* NumberParser.swift */ = {isa = PBXFileReference; lastKnownFileType = sourcecode.swift; path = NumberParser.swift; sourceTree = "<group>"; };
		491D15AD2865EF9400786AF8 /* HandMania.app */ = {isa = PBXFileReference; explicitFileType = wrapper.application; includeInIndex = 0; path = HandMania.app; sourceTree = BUILT_PRODUCTS_DIR; };
		491D15B02865EF9400786AF8 /* handmaniaApp.swift */ = {isa = PBXFileReference; lastKnownFileType = sourcecode.swift; path = handmaniaApp.swift; sourceTree = "<group>"; };
		491D15B22865EF9400786AF8 /* ContentView.swift */ = {isa = PBXFileReference; lastKnownFileType = sourcecode.swift; path = ContentView.swift; sourceTree = "<group>"; };
		491D15B42865EF9500786AF8 /* Assets.xcassets */ = {isa = PBXFileReference; lastKnownFileType = folder.assetcatalog; path = Assets.xcassets; sourceTree = "<group>"; };
		491D15B72865EF9500786AF8 /* Preview Assets.xcassets */ = {isa = PBXFileReference; lastKnownFileType = folder.assetcatalog; path = "Preview Assets.xcassets"; sourceTree = "<group>"; };
		491D472A286F09DD00565982 /* AVCaptureVideoPreviewLayerAdapter.swift */ = {isa = PBXFileReference; lastKnownFileType = sourcecode.swift; path = AVCaptureVideoPreviewLayerAdapter.swift; sourceTree = "<group>"; };
		4921845629D494EA00BA2A89 /* FinalScoreView.swift */ = {isa = PBXFileReference; lastKnownFileType = sourcecode.swift; path = FinalScoreView.swift; sourceTree = "<group>"; };
		4921845829D4A0BC00BA2A89 /* MainView.swift */ = {isa = PBXFileReference; lastKnownFileType = sourcecode.swift; path = MainView.swift; sourceTree = "<group>"; };
		492CE3FD29B8C0DA00A34966 /* NoteView.swift */ = {isa = PBXFileReference; lastKnownFileType = sourcecode.swift; path = NoteView.swift; sourceTree = "<group>"; };
		493AB6EF293F48080031D47D /* SongsView.swift */ = {isa = PBXFileReference; lastKnownFileType = sourcecode.swift; path = SongsView.swift; sourceTree = "<group>"; };
		4947420529D70D1A001E8B95 /* TutorialEntryView.swift */ = {isa = PBXFileReference; lastKnownFileType = sourcecode.swift; path = TutorialEntryView.swift; sourceTree = "<group>"; };
		4947420729D726A3001E8B95 /* SongChartView.swift */ = {isa = PBXFileReference; lastKnownFileType = sourcecode.swift; path = SongChartView.swift; sourceTree = "<group>"; };
		494F07EF29D5784B00F6F949 /* GameStatus.swift */ = {isa = PBXFileReference; lastKnownFileType = sourcecode.swift; path = GameStatus.swift; sourceTree = "<group>"; };
		494F07F129D5DA0500F6F949 /* ChartEntry.swift */ = {isa = PBXFileReference; lastKnownFileType = sourcecode.swift; path = ChartEntry.swift; sourceTree = "<group>"; };
		494F07F329D5E14000F6F949 /* PermissionDeniedView.swift */ = {isa = PBXFileReference; lastKnownFileType = sourcecode.swift; path = PermissionDeniedView.swift; sourceTree = "<group>"; };
		494F07F629D5E8C700F6F949 /* NewChartEntry.swift */ = {isa = PBXFileReference; lastKnownFileType = sourcecode.swift; path = NewChartEntry.swift; sourceTree = "<group>"; };
		495A8742293F73FE004C6C8F /* ScreenBounds.swift */ = {isa = PBXFileReference; fileEncoding = 4; lastKnownFileType = sourcecode.swift; path = ScreenBounds.swift; sourceTree = "<group>"; };
		495A8743293F73FE004C6C8F /* DirectionBox.swift */ = {isa = PBXFileReference; fileEncoding = 4; lastKnownFileType = sourcecode.swift; path = DirectionBox.swift; sourceTree = "<group>"; };
		495A8745293F73FE004C6C8F /* ServerError.swift */ = {isa = PBXFileReference; fileEncoding = 4; lastKnownFileType = sourcecode.swift; path = ServerError.swift; sourceTree = "<group>"; };
		495A8747293F73FE004C6C8F /* Notes.swift */ = {isa = PBXFileReference; fileEncoding = 4; lastKnownFileType = sourcecode.swift; path = Notes.swift; sourceTree = "<group>"; };
		495A8748293F73FE004C6C8F /* Song.swift */ = {isa = PBXFileReference; fileEncoding = 4; lastKnownFileType = sourcecode.swift; path = Song.swift; sourceTree = "<group>"; };
		495A8749293F73FE004C6C8F /* Audio.swift */ = {isa = PBXFileReference; fileEncoding = 4; lastKnownFileType = sourcecode.swift; path = Audio.swift; sourceTree = "<group>"; };
		495A874A293F73FE004C6C8F /* HandDirectionsManager.swift */ = {isa = PBXFileReference; fileEncoding = 4; lastKnownFileType = sourcecode.swift; path = HandDirectionsManager.swift; sourceTree = "<group>"; };
		495A874C293F73FE004C6C8F /* CameraManager.swift */ = {isa = PBXFileReference; fileEncoding = 4; lastKnownFileType = sourcecode.swift; path = CameraManager.swift; sourceTree = "<group>"; };
		495A874D293F73FE004C6C8F /* ServerManager.swift */ = {isa = PBXFileReference; fileEncoding = 4; lastKnownFileType = sourcecode.swift; path = ServerManager.swift; sourceTree = "<group>"; };
		495A874F293F73FE004C6C8F /* HandDirection.swift */ = {isa = PBXFileReference; fileEncoding = 4; lastKnownFileType = sourcecode.swift; path = HandDirection.swift; sourceTree = "<group>"; };
		495A8750293F73FE004C6C8F /* Direction.swift */ = {isa = PBXFileReference; fileEncoding = 4; lastKnownFileType = sourcecode.swift; path = Direction.swift; sourceTree = "<group>"; };
		4974D7492936444E00ADFA7B /* Model.swift */ = {isa = PBXFileReference; lastKnownFileType = sourcecode.swift; path = Model.swift; sourceTree = "<group>"; };
		4974D74E29365A2600ADFA7B /* SongView.swift */ = {isa = PBXFileReference; lastKnownFileType = sourcecode.swift; path = SongView.swift; sourceTree = "<group>"; };
		49A4D2FF29CDB8BF003BF88D /* CountDownView.swift */ = {isa = PBXFileReference; lastKnownFileType = sourcecode.swift; path = CountDownView.swift; sourceTree = "<group>"; };
		49A53BF329081DE500BF723B /* VideoView.swift */ = {isa = PBXFileReference; lastKnownFileType = sourcecode.swift; path = VideoView.swift; sourceTree = "<group>"; };
		49A80B6F29AF8994001FCAD4 /* Thumbnail.swift */ = {isa = PBXFileReference; lastKnownFileType = sourcecode.swift; path = Thumbnail.swift; sourceTree = "<group>"; };
		49B408CE29B9D3D400C51D98 /* NoteParser.swift */ = {isa = PBXFileReference; lastKnownFileType = sourcecode.swift; path = NoteParser.swift; sourceTree = "<group>"; };
		49BC3CEF29D6EB2600256FEC /* TutorialView.swift */ = {isa = PBXFileReference; lastKnownFileType = sourcecode.swift; path = TutorialView.swift; sourceTree = "<group>"; };
		49BE294D29CB214A00E17546 /* PointsView.swift */ = {isa = PBXFileReference; lastKnownFileType = sourcecode.swift; path = PointsView.swift; sourceTree = "<group>"; };
		49C472FA293FDBD700BAD3E0 /* PlayView.swift */ = {isa = PBXFileReference; lastKnownFileType = sourcecode.swift; path = PlayView.swift; sourceTree = "<group>"; };
		49C472FC293FE4B000BAD3E0 /* Logger.swift */ = {isa = PBXFileReference; lastKnownFileType = sourcecode.swift; path = Logger.swift; sourceTree = "<group>"; };
		49CFB26729ACA832008D2709 /* NotesView.swift */ = {isa = PBXFileReference; lastKnownFileType = sourcecode.swift; path = NotesView.swift; sourceTree = "<group>"; };
		49D2BE4D29D8959B002EE416 /* AlertStatus.swift */ = {isa = PBXFileReference; lastKnownFileType = sourcecode.swift; path = AlertStatus.swift; sourceTree = "<group>"; };
		49FA9A3829C0B2F000B36225 /* OffNotesView.swift */ = {isa = PBXFileReference; lastKnownFileType = sourcecode.swift; path = OffNotesView.swift; sourceTree = "<group>"; };
/* End PBXFileReference section */

/* Begin PBXFrameworksBuildPhase section */
		491D15AA2865EF9400786AF8 /* Frameworks */ = {
			isa = PBXFrameworksBuildPhase;
			buildActionMask = 2147483647;
			files = (
			);
			runOnlyForDeploymentPostprocessing = 0;
		};
/* End PBXFrameworksBuildPhase section */

/* Begin PBXGroup section */
		491D15A42865EF9400786AF8 = {
			isa = PBXGroup;
			children = (
				491D15AF2865EF9400786AF8 /* handmania */,
				491D15AE2865EF9400786AF8 /* Products */,
			);
			sourceTree = "<group>";
		};
		491D15AE2865EF9400786AF8 /* Products */ = {
			isa = PBXGroup;
			children = (
				491D15AD2865EF9400786AF8 /* HandMania.app */,
			);
			name = Products;
			sourceTree = "<group>";
		};
		491D15AF2865EF9400786AF8 /* handmania */ = {
			isa = PBXGroup;
			children = (
				491D4729286F09AB00565982 /* Adapters */,
				495A8740293F73FE004C6C8F /* Controllers */,
				494F07EE29D576AC00F6F949 /* Utilities */,
				494F07F529D5E30B00F6F949 /* Data */,
				4943C8AF28EC88D800E00FF8 /* Views */,
				491D15B02865EF9400786AF8 /* handmaniaApp.swift */,
				491D15B22865EF9400786AF8 /* ContentView.swift */,
				491D15B42865EF9500786AF8 /* Assets.xcassets */,
				491D15B62865EF9500786AF8 /* Preview Content */,
			);
			path = handmania;
			sourceTree = "<group>";
		};
		491D15B62865EF9500786AF8 /* Preview Content */ = {
			isa = PBXGroup;
			children = (
				491D15B72865EF9500786AF8 /* Preview Assets.xcassets */,
			);
			path = "Preview Content";
			sourceTree = "<group>";
		};
		491D4729286F09AB00565982 /* Adapters */ = {
			isa = PBXGroup;
			children = (
				491D472A286F09DD00565982 /* AVCaptureVideoPreviewLayerAdapter.swift */,
			);
			path = Adapters;
			sourceTree = "<group>";
		};
		4943C8AF28EC88D800E00FF8 /* Views */ = {
			isa = PBXGroup;
			children = (
				494F07ED29D5729400F6F949 /* Beans */,
				49507185293F457D004EC9C8 /* Groups */,
				49B408CD29B9D3B100C51D98 /* Parsers */,
				4921845829D4A0BC00BA2A89 /* MainView.swift */,
				49C472FA293FDBD700BAD3E0 /* PlayView.swift */,
				493AB6EF293F48080031D47D /* SongsView.swift */,
				494F07F329D5E14000F6F949 /* PermissionDeniedView.swift */,
				49A4D2FF29CDB8BF003BF88D /* CountDownView.swift */,
				4921845629D494EA00BA2A89 /* FinalScoreView.swift */,
				49BC3CEF29D6EB2600256FEC /* TutorialView.swift */,
				4947420729D726A3001E8B95 /* SongChartView.swift */,
			);
			path = Views;
			sourceTree = "<group>";
		};
		494F07ED29D5729400F6F949 /* Beans */ = {
			isa = PBXGroup;
			children = (
				49A53BF329081DE500BF723B /* VideoView.swift */,
				4974D74E29365A2600ADFA7B /* SongView.swift */,
				492CE3FD29B8C0DA00A34966 /* NoteView.swift */,
				49FA9A3829C0B2F000B36225 /* OffNotesView.swift */,
				49BE294D29CB214A00E17546 /* PointsView.swift */,
				4947420529D70D1A001E8B95 /* TutorialEntryView.swift */,
			);
			path = Beans;
			sourceTree = "<group>";
		};
		494F07EE29D576AC00F6F949 /* Utilities */ = {
			isa = PBXGroup;
			children = (
				49C472FC293FE4B000BAD3E0 /* Logger.swift */,
			);
			path = Utilities;
			sourceTree = "<group>";
		};
		494F07F529D5E30B00F6F949 /* Data */ = {
			isa = PBXGroup;
			children = (
				4974D7492936444E00ADFA7B /* Model.swift */,
				494F07EF29D5784B00F6F949 /* GameStatus.swift */,
				49D2BE4D29D8959B002EE416 /* AlertStatus.swift */,
			);
			path = Data;
			sourceTree = "<group>";
		};
		49507185293F457D004EC9C8 /* Groups */ = {
			isa = PBXGroup;
			children = (
				49CFB26729ACA832008D2709 /* NotesView.swift */,
			);
			path = Groups;
			sourceTree = "<group>";
		};
		495A8740293F73FE004C6C8F /* Controllers */ = {
			isa = PBXGroup;
			children = (
				495A8741293F73FE004C6C8F /* Bounds */,
				495A874E293F73FE004C6C8F /* Outputs */,
				495A8744293F73FE004C6C8F /* Server */,
				495A874A293F73FE004C6C8F /* HandDirectionsManager.swift */,
				495A874C293F73FE004C6C8F /* CameraManager.swift */,
				495A874D293F73FE004C6C8F /* ServerManager.swift */,
			);
			path = Controllers;
			sourceTree = "<group>";
		};
		495A8741293F73FE004C6C8F /* Bounds */ = {
			isa = PBXGroup;
			children = (
				495A8742293F73FE004C6C8F /* ScreenBounds.swift */,
				495A8743293F73FE004C6C8F /* DirectionBox.swift */,
			);
			path = Bounds;
			sourceTree = "<group>";
		};
		495A8744293F73FE004C6C8F /* Server */ = {
			isa = PBXGroup;
			children = (
				495A8745293F73FE004C6C8F /* ServerError.swift */,
				495A8746293F73FE004C6C8F /* Beans */,
			);
			path = Server;
			sourceTree = "<group>";
		};
		495A8746293F73FE004C6C8F /* Beans */ = {
			isa = PBXGroup;
			children = (
				495A8747293F73FE004C6C8F /* Notes.swift */,
				495A8748293F73FE004C6C8F /* Song.swift */,
				495A8749293F73FE004C6C8F /* Audio.swift */,
				49A80B6F29AF8994001FCAD4 /* Thumbnail.swift */,
				4904653B29BF498700BD9C1C /* Note.swift */,
				494F07F129D5DA0500F6F949 /* ChartEntry.swift */,
				494F07F629D5E8C700F6F949 /* NewChartEntry.swift */,
			);
			path = Beans;
			sourceTree = "<group>";
		};
		495A874E293F73FE004C6C8F /* Outputs */ = {
			isa = PBXGroup;
			children = (
				495A874F293F73FE004C6C8F /* HandDirection.swift */,
				495A8750293F73FE004C6C8F /* Direction.swift */,
			);
			path = Outputs;
			sourceTree = "<group>";
		};
		49B408CD29B9D3B100C51D98 /* Parsers */ = {
			isa = PBXGroup;
			children = (
				49B408CE29B9D3D400C51D98 /* NoteParser.swift */,
				491A324E29D328E5003F22E5 /* NumberParser.swift */,
			);
			path = Parsers;
			sourceTree = "<group>";
		};
/* End PBXGroup section */

/* Begin PBXNativeTarget section */
		491D15AC2865EF9400786AF8 /* handmania */ = {
			isa = PBXNativeTarget;
			buildConfigurationList = 491D15D12865EF9600786AF8 /* Build configuration list for PBXNativeTarget "handmania" */;
			buildPhases = (
				491D15A92865EF9400786AF8 /* Sources */,
				491D15AA2865EF9400786AF8 /* Frameworks */,
				491D15AB2865EF9400786AF8 /* Resources */,
			);
			buildRules = (
			);
			dependencies = (
			);
			name = handmania;
			productName = handmania;
			productReference = 491D15AD2865EF9400786AF8 /* HandMania.app */;
			productType = "com.apple.product-type.application";
		};
/* End PBXNativeTarget section */

/* Begin PBXProject section */
		491D15A52865EF9400786AF8 /* Project object */ = {
			isa = PBXProject;
			attributes = {
				BuildIndependentTargetsInParallel = 1;
				LastSwiftUpdateCheck = 1340;
				LastUpgradeCheck = 1340;
				TargetAttributes = {
					491D15AC2865EF9400786AF8 = {
						CreatedOnToolsVersion = 13.4.1;
					};
				};
			};
			buildConfigurationList = 491D15A82865EF9400786AF8 /* Build configuration list for PBXProject "handmania" */;
			compatibilityVersion = "Xcode 13.0";
			developmentRegion = en;
			hasScannedForEncodings = 0;
			knownRegions = (
				en,
				Base,
			);
			mainGroup = 491D15A42865EF9400786AF8;
			productRefGroup = 491D15AE2865EF9400786AF8 /* Products */;
			projectDirPath = "";
			projectRoot = "";
			targets = (
				491D15AC2865EF9400786AF8 /* handmania */,
			);
		};
/* End PBXProject section */

/* Begin PBXResourcesBuildPhase section */
		491D15AB2865EF9400786AF8 /* Resources */ = {
			isa = PBXResourcesBuildPhase;
			buildActionMask = 2147483647;
			files = (
				491D15B82865EF9500786AF8 /* Preview Assets.xcassets in Resources */,
				491D15B52865EF9500786AF8 /* Assets.xcassets in Resources */,
			);
			runOnlyForDeploymentPostprocessing = 0;
		};
/* End PBXResourcesBuildPhase section */

/* Begin PBXSourcesBuildPhase section */
		491D15A92865EF9400786AF8 /* Sources */ = {
			isa = PBXSourcesBuildPhase;
			buildActionMask = 2147483647;
			files = (
				495A875A293F73FE004C6C8F /* ServerManager.swift in Sources */,
				491A324F29D328E5003F22E5 /* NumberParser.swift in Sources */,
				49C472FD293FE4B000BAD3E0 /* Logger.swift in Sources */,
				492CE3FE29B8C0DA00A34966 /* NoteView.swift in Sources */,
				495A8754293F73FE004C6C8F /* Notes.swift in Sources */,
				49C472FB293FDBD700BAD3E0 /* PlayView.swift in Sources */,
				494F07F229D5DA0500F6F949 /* ChartEntry.swift in Sources */,
				49FA9A3929C0B2F000B36225 /* OffNotesView.swift in Sources */,
				494F07F029D5784B00F6F949 /* GameStatus.swift in Sources */,
				4904653C29BF498700BD9C1C /* Note.swift in Sources */,
				493AB6F0293F48080031D47D /* SongsView.swift in Sources */,
				4921845929D4A0BC00BA2A89 /* MainView.swift in Sources */,
				49CFB26829ACA832008D2709 /* NotesView.swift in Sources */,
				491D472B286F09DD00565982 /* AVCaptureVideoPreviewLayerAdapter.swift in Sources */,
				495A8752293F73FE004C6C8F /* DirectionBox.swift in Sources */,
				4921845729D494EA00BA2A89 /* FinalScoreView.swift in Sources */,
				494F07F729D5E8C700F6F949 /* NewChartEntry.swift in Sources */,
				49BE294E29CB214A00E17546 /* PointsView.swift in Sources */,
				495A875B293F73FE004C6C8F /* HandDirection.swift in Sources */,
				495A8751293F73FE004C6C8F /* ScreenBounds.swift in Sources */,
				49BC3CF029D6EB2600256FEC /* TutorialView.swift in Sources */,
				491D15B32865EF9400786AF8 /* ContentView.swift in Sources */,
				495A8759293F73FE004C6C8F /* CameraManager.swift in Sources */,
				491D15B12865EF9400786AF8 /* handmaniaApp.swift in Sources */,
				4947420629D70D1A001E8B95 /* TutorialEntryView.swift in Sources */,
				495A8756293F73FE004C6C8F /* Audio.swift in Sources */,
				4947420829D726A3001E8B95 /* SongChartView.swift in Sources */,
				495A8757293F73FE004C6C8F /* HandDirectionsManager.swift in Sources */,
				4974D74A2936444E00ADFA7B /* Model.swift in Sources */,
				49A80B7029AF8994001FCAD4 /* Thumbnail.swift in Sources */,
				494F07F429D5E14000F6F949 /* PermissionDeniedView.swift in Sources */,
				495A8755293F73FE004C6C8F /* Song.swift in Sources */,
				49A4D30029CDB8BF003BF88D /* CountDownView.swift in Sources */,
				495A875C293F73FE004C6C8F /* Direction.swift in Sources */,
				49B408CF29B9D3D400C51D98 /* NoteParser.swift in Sources */,
				49D2BE4E29D8959B002EE416 /* AlertStatus.swift in Sources */,
				495A8753293F73FE004C6C8F /* ServerError.swift in Sources */,
				4974D74F29365A2600ADFA7B /* SongView.swift in Sources */,
				49A53BF429081DE500BF723B /* VideoView.swift in Sources */,
			);
			runOnlyForDeploymentPostprocessing = 0;
		};
/* End PBXSourcesBuildPhase section */

/* Begin XCBuildConfiguration section */
		491D15CF2865EF9600786AF8 /* Debug */ = {
			isa = XCBuildConfiguration;
			buildSettings = {
				ALWAYS_SEARCH_USER_PATHS = NO;
				CLANG_ANALYZER_NONNULL = YES;
				CLANG_ANALYZER_NUMBER_OBJECT_CONVERSION = YES_AGGRESSIVE;
				CLANG_CXX_LANGUAGE_STANDARD = "gnu++17";
				CLANG_ENABLE_MODULES = YES;
				CLANG_ENABLE_OBJC_ARC = YES;
				CLANG_ENABLE_OBJC_WEAK = YES;
				CLANG_WARN_BLOCK_CAPTURE_AUTORELEASING = YES;
				CLANG_WARN_BOOL_CONVERSION = YES;
				CLANG_WARN_COMMA = YES;
				CLANG_WARN_CONSTANT_CONVERSION = YES;
				CLANG_WARN_DEPRECATED_OBJC_IMPLEMENTATIONS = YES;
				CLANG_WARN_DIRECT_OBJC_ISA_USAGE = YES_ERROR;
				CLANG_WARN_DOCUMENTATION_COMMENTS = YES;
				CLANG_WARN_EMPTY_BODY = YES;
				CLANG_WARN_ENUM_CONVERSION = YES;
				CLANG_WARN_INFINITE_RECURSION = YES;
				CLANG_WARN_INT_CONVERSION = YES;
				CLANG_WARN_NON_LITERAL_NULL_CONVERSION = YES;
				CLANG_WARN_OBJC_IMPLICIT_RETAIN_SELF = YES;
				CLANG_WARN_OBJC_LITERAL_CONVERSION = YES;
				CLANG_WARN_OBJC_ROOT_CLASS = YES_ERROR;
				CLANG_WARN_QUOTED_INCLUDE_IN_FRAMEWORK_HEADER = YES;
				CLANG_WARN_RANGE_LOOP_ANALYSIS = YES;
				CLANG_WARN_STRICT_PROTOTYPES = YES;
				CLANG_WARN_SUSPICIOUS_MOVE = YES;
				CLANG_WARN_UNGUARDED_AVAILABILITY = YES_AGGRESSIVE;
				CLANG_WARN_UNREACHABLE_CODE = YES;
				CLANG_WARN__DUPLICATE_METHOD_MATCH = YES;
				COPY_PHASE_STRIP = NO;
				DEBUG_INFORMATION_FORMAT = dwarf;
				ENABLE_STRICT_OBJC_MSGSEND = YES;
				ENABLE_TESTABILITY = YES;
				GCC_C_LANGUAGE_STANDARD = gnu11;
				GCC_DYNAMIC_NO_PIC = NO;
				GCC_NO_COMMON_BLOCKS = YES;
				GCC_OPTIMIZATION_LEVEL = 0;
				GCC_PREPROCESSOR_DEFINITIONS = (
					"DEBUG=1",
					"$(inherited)",
				);
				GCC_WARN_64_TO_32_BIT_CONVERSION = YES;
				GCC_WARN_ABOUT_RETURN_TYPE = YES_ERROR;
				GCC_WARN_UNDECLARED_SELECTOR = YES;
				GCC_WARN_UNINITIALIZED_AUTOS = YES_AGGRESSIVE;
				GCC_WARN_UNUSED_FUNCTION = YES;
				GCC_WARN_UNUSED_VARIABLE = YES;
				IPHONEOS_DEPLOYMENT_TARGET = 15.5;
				MTL_ENABLE_DEBUG_INFO = INCLUDE_SOURCE;
				MTL_FAST_MATH = YES;
				ONLY_ACTIVE_ARCH = YES;
				SDKROOT = iphoneos;
				SWIFT_ACTIVE_COMPILATION_CONDITIONS = DEBUG;
				SWIFT_OPTIMIZATION_LEVEL = "-Onone";
			};
			name = Debug;
		};
		491D15D02865EF9600786AF8 /* Release */ = {
			isa = XCBuildConfiguration;
			buildSettings = {
				ALWAYS_SEARCH_USER_PATHS = NO;
				CLANG_ANALYZER_NONNULL = YES;
				CLANG_ANALYZER_NUMBER_OBJECT_CONVERSION = YES_AGGRESSIVE;
				CLANG_CXX_LANGUAGE_STANDARD = "gnu++17";
				CLANG_ENABLE_MODULES = YES;
				CLANG_ENABLE_OBJC_ARC = YES;
				CLANG_ENABLE_OBJC_WEAK = YES;
				CLANG_WARN_BLOCK_CAPTURE_AUTORELEASING = YES;
				CLANG_WARN_BOOL_CONVERSION = YES;
				CLANG_WARN_COMMA = YES;
				CLANG_WARN_CONSTANT_CONVERSION = YES;
				CLANG_WARN_DEPRECATED_OBJC_IMPLEMENTATIONS = YES;
				CLANG_WARN_DIRECT_OBJC_ISA_USAGE = YES_ERROR;
				CLANG_WARN_DOCUMENTATION_COMMENTS = YES;
				CLANG_WARN_EMPTY_BODY = YES;
				CLANG_WARN_ENUM_CONVERSION = YES;
				CLANG_WARN_INFINITE_RECURSION = YES;
				CLANG_WARN_INT_CONVERSION = YES;
				CLANG_WARN_NON_LITERAL_NULL_CONVERSION = YES;
				CLANG_WARN_OBJC_IMPLICIT_RETAIN_SELF = YES;
				CLANG_WARN_OBJC_LITERAL_CONVERSION = YES;
				CLANG_WARN_OBJC_ROOT_CLASS = YES_ERROR;
				CLANG_WARN_QUOTED_INCLUDE_IN_FRAMEWORK_HEADER = YES;
				CLANG_WARN_RANGE_LOOP_ANALYSIS = YES;
				CLANG_WARN_STRICT_PROTOTYPES = YES;
				CLANG_WARN_SUSPICIOUS_MOVE = YES;
				CLANG_WARN_UNGUARDED_AVAILABILITY = YES_AGGRESSIVE;
				CLANG_WARN_UNREACHABLE_CODE = YES;
				CLANG_WARN__DUPLICATE_METHOD_MATCH = YES;
				COPY_PHASE_STRIP = NO;
				DEBUG_INFORMATION_FORMAT = "dwarf-with-dsym";
				ENABLE_NS_ASSERTIONS = NO;
				ENABLE_STRICT_OBJC_MSGSEND = YES;
				GCC_C_LANGUAGE_STANDARD = gnu11;
				GCC_NO_COMMON_BLOCKS = YES;
				GCC_WARN_64_TO_32_BIT_CONVERSION = YES;
				GCC_WARN_ABOUT_RETURN_TYPE = YES_ERROR;
				GCC_WARN_UNDECLARED_SELECTOR = YES;
				GCC_WARN_UNINITIALIZED_AUTOS = YES_AGGRESSIVE;
				GCC_WARN_UNUSED_FUNCTION = YES;
				GCC_WARN_UNUSED_VARIABLE = YES;
				IPHONEOS_DEPLOYMENT_TARGET = 15.5;
				MTL_ENABLE_DEBUG_INFO = NO;
				MTL_FAST_MATH = YES;
				SDKROOT = iphoneos;
				SWIFT_COMPILATION_MODE = wholemodule;
				SWIFT_OPTIMIZATION_LEVEL = "-O";
				VALIDATE_PRODUCT = YES;
			};
			name = Release;
		};
		491D15D22865EF9600786AF8 /* Debug */ = {
			isa = XCBuildConfiguration;
			buildSettings = {
				ASSETCATALOG_COMPILER_APPICON_NAME = AppIcon;
				ASSETCATALOG_COMPILER_GLOBAL_ACCENT_COLOR_NAME = AccentColor;
				CODE_SIGN_STYLE = Automatic;
				CURRENT_PROJECT_VERSION = 1;
				DEVELOPMENT_ASSET_PATHS = "\"handmania/Preview Content\"";
				DEVELOPMENT_TEAM = NTBQKVM33T;
				ENABLE_PREVIEWS = YES;
				GENERATE_INFOPLIST_FILE = YES;
				INFOPLIST_KEY_NSCameraUsageDescription = "handmania detects user face and hand positions";
				INFOPLIST_KEY_UIApplicationSceneManifest_Generation = YES;
				INFOPLIST_KEY_UIApplicationSupportsIndirectInputEvents = YES;
				INFOPLIST_KEY_UILaunchScreen_Generation = YES;
				INFOPLIST_KEY_UIRequiresFullScreen = YES;
				INFOPLIST_KEY_UIStatusBarStyle = "";
				INFOPLIST_KEY_UISupportedInterfaceOrientations = UIInterfaceOrientationPortrait;
				IPHONEOS_DEPLOYMENT_TARGET = 16.1;
				LD_RUNPATH_SEARCH_PATHS = (
					"$(inherited)",
					"@executable_path/Frameworks",
				);
				MARKETING_VERSION = 1.0;
				PRODUCT_BUNDLE_IDENTIFIER = it.unimi.di.ewlab.handmania;
				PRODUCT_NAME = HandMania;
				SWIFT_EMIT_LOC_STRINGS = YES;
				SWIFT_VERSION = 5.0;
				TARGETED_DEVICE_FAMILY = "1,2";
			};
			name = Debug;
		};
		491D15D32865EF9600786AF8 /* Release */ = {
			isa = XCBuildConfiguration;
			buildSettings = {
				ASSETCATALOG_COMPILER_APPICON_NAME = AppIcon;
				ASSETCATALOG_COMPILER_GLOBAL_ACCENT_COLOR_NAME = AccentColor;
				CODE_SIGN_STYLE = Automatic;
				CURRENT_PROJECT_VERSION = 1;
				DEVELOPMENT_ASSET_PATHS = "\"handmania/Preview Content\"";
				DEVELOPMENT_TEAM = NTBQKVM33T;
				ENABLE_PREVIEWS = YES;
				GENERATE_INFOPLIST_FILE = YES;
				INFOPLIST_KEY_NSCameraUsageDescription = "handmania detects user face and hand positions";
				INFOPLIST_KEY_UIApplicationSceneManifest_Generation = YES;
				INFOPLIST_KEY_UIApplicationSupportsIndirectInputEvents = YES;
				INFOPLIST_KEY_UILaunchScreen_Generation = YES;
				INFOPLIST_KEY_UIRequiresFullScreen = YES;
				INFOPLIST_KEY_UIStatusBarStyle = "";
				INFOPLIST_KEY_UISupportedInterfaceOrientations = UIInterfaceOrientationPortrait;
				IPHONEOS_DEPLOYMENT_TARGET = 16.1;
				LD_RUNPATH_SEARCH_PATHS = (
					"$(inherited)",
					"@executable_path/Frameworks",
				);
				MARKETING_VERSION = 1.0;
				PRODUCT_BUNDLE_IDENTIFIER = it.unimi.di.ewlab.handmania;
				PRODUCT_NAME = HandMania;
				SWIFT_EMIT_LOC_STRINGS = YES;
				SWIFT_VERSION = 5.0;
				TARGETED_DEVICE_FAMILY = "1,2";
			};
			name = Release;
		};
/* End XCBuildConfiguration section */

/* Begin XCConfigurationList section */
		491D15A82865EF9400786AF8 /* Build configuration list for PBXProject "handmania" */ = {
			isa = XCConfigurationList;
			buildConfigurations = (
				491D15CF2865EF9600786AF8 /* Debug */,
				491D15D02865EF9600786AF8 /* Release */,
			);
			defaultConfigurationIsVisible = 0;
			defaultConfigurationName = Release;
		};
		491D15D12865EF9600786AF8 /* Build configuration list for PBXNativeTarget "handmania" */ = {
			isa = XCConfigurationList;
			buildConfigurations = (
				491D15D22865EF9600786AF8 /* Debug */,
				491D15D32865EF9600786AF8 /* Release */,
			);
			defaultConfigurationIsVisible = 0;
			defaultConfigurationName = Release;
		};
/* End XCConfigurationList section */
	};
	rootObject = 491D15A52865EF9400786AF8 /* Project object */;
}
